
Microsoft Visual Studio Solution File, Format Version 12.00
# Visual Studio Version 16
VisualStudioVersion = 16.0.33529.622
MinimumVisualStudioVersion = 10.0.40219.1
Project("{FAE04EC0-301F-11D3-BF4B-00C04F79EFBC}") = "Mogakco", "Mogakco\Mogakco.csproj", "{CCE765A3-1F53-46D0-9F12-2E308359CACF}"
EndProject
Global
	GlobalSection(SolutionConfigurationPlatforms) = preSolution
		Debug|Any CPU = Debug|Any CPU
		Release|Any CPU = Release|Any CPU
	EndGlobalSection
	GlobalSection(ProjectConfigurationPlatforms) = postSolution
		{CCE765A3-1F53-46D0-9F12-2E308359CACF}.Debug|Any CPU.ActiveCfg = Debug|Any CPU
		{CCE765A3-1F53-46D0-9F12-2E308359CACF}.Debug|Any CPU.Build.0 = Debug|Any CPU
		{CCE765A3-1F53-46D0-9F12-2E308359CACF}.Release|Any CPU.ActiveCfg = Release|Any CPU
		{CCE765A3-1F53-46D0-9F12-2E308359CACF}.Release|Any CPU.Build.0 = Release|Any CPU
	EndGlobalSection
	GlobalSection(SolutionProperties) = preSolution
		HideSolutionNode = FALSE
	EndGlobalSection
	GlobalSection(ExtensibilityGlobals) = postSolution
		SolutionGuid = {334F0AD5-3F52-42F8-8CC2-64A90AF773DF}
	EndGlobalSection
EndGlobal
